# This file is generated by running "yarn install" inside your project.
# Manual changes might be lost - proceed with caution!

__metadata:
  version: 6
  cacheKey: 8

"@next/env@npm:12.1.6":
  version: 12.1.6
  resolution: "@next/env@npm:12.1.6"
  checksum: e6a4f189f0d653d13dc7ad510f6c9d2cf690bfd9e07c554bd501b840f8dabc3da5adcab874b0bc01aab86c3647cff4fb84692e3c3b28125af26f0b05cd4c7fcf
  languageName: node
  linkType: hard

"@next/swc-android-arm-eabi@npm:12.1.6":
  version: 12.1.6
  resolution: "@next/swc-android-arm-eabi@npm:12.1.6"
  conditions: os=android & cpu=arm
  languageName: node
  linkType: hard

"@next/swc-android-arm64@npm:12.1.6":
  version: 12.1.6
  resolution: "@next/swc-android-arm64@npm:12.1.6"
  conditions: os=android & cpu=arm64
  languageName: node
  linkType: hard

"@next/swc-darwin-arm64@npm:12.1.6":
  version: 12.1.6
  resolution: "@next/swc-darwin-arm64@npm:12.1.6"
  conditions: os=darwin & cpu=arm64
  languageName: node
  linkType: hard

"@next/swc-darwin-x64@npm:12.1.6":
  version: 12.1.6
  resolution: "@next/swc-darwin-x64@npm:12.1.6"
  conditions: os=darwin & cpu=x64
  languageName: node
  linkType: hard

"@next/swc-linux-arm-gnueabihf@npm:12.1.6":
  version: 12.1.6
  resolution: "@next/swc-linux-arm-gnueabihf@npm:12.1.6"
  conditions: os=linux & cpu=arm
  languageName: node
  linkType: hard

"@next/swc-linux-arm64-gnu@npm:12.1.6":
  version: 12.1.6
  resolution: "@next/swc-linux-arm64-gnu@npm:12.1.6"
  conditions: os=linux & cpu=arm64 & libc=glibc
  languageName: node
  linkType: hard

"@next/swc-linux-arm64-musl@npm:12.1.6":
  version: 12.1.6
  resolution: "@next/swc-linux-arm64-musl@npm:12.1.6"
  conditions: os=linux & cpu=arm64 & libc=musl
  languageName: node
  linkType: hard

"@next/swc-linux-x64-gnu@npm:12.1.6":
  version: 12.1.6
  resolution: "@next/swc-linux-x64-gnu@npm:12.1.6"
  conditions: os=linux & cpu=x64 & libc=glibc
  languageName: node
  linkType: hard

"@next/swc-linux-x64-musl@npm:12.1.6":
  version: 12.1.6
  resolution: "@next/swc-linux-x64-musl@npm:12.1.6"
  conditions: os=linux & cpu=x64 & libc=musl
  languageName: node
  linkType: hard

"@next/swc-win32-arm64-msvc@npm:12.1.6":
  version: 12.1.6
  resolution: "@next/swc-win32-arm64-msvc@npm:12.1.6"
  conditions: os=win32 & cpu=arm64
  languageName: node
  linkType: hard

"@next/swc-win32-ia32-msvc@npm:12.1.6":
  version: 12.1.6
  resolution: "@next/swc-win32-ia32-msvc@npm:12.1.6"
  conditions: os=win32 & cpu=ia32
  languageName: node
  linkType: hard

"@next/swc-win32-x64-msvc@npm:12.1.6":
  version: 12.1.6
  resolution: "@next/swc-win32-x64-msvc@npm:12.1.6"
  conditions: os=win32 & cpu=x64
  languageName: node
  linkType: hard

"@types/node@npm:^17.0.42":
  version: 17.0.42
  resolution: "@types/node@npm:17.0.42"
  checksum: a200cd87e4f12d4d5682a893ad6e1140720c6c074a2cd075f254b3b8306d6174f5a3630e5d2347efb5e9b80d420404b5fafc8fe3c7d4c81998cd914c50b19f75
  languageName: node
  linkType: hard

"@types/prop-types@npm:*":
  version: 15.7.5
  resolution: "@types/prop-types@npm:15.7.5"
  checksum: 5b43b8b15415e1f298243165f1d44390403bb2bd42e662bca3b5b5633fdd39c938e91b7fce3a9483699db0f7a715d08cef220c121f723a634972fdf596aec980
  languageName: node
  linkType: hard

"@types/react-dom@npm:^18":
  version: 18.0.5
  resolution: "@types/react-dom@npm:18.0.5"
  dependencies:
    "@types/react": "*"
  checksum: cd48b81950f499b52a3f0c08261f00046f9b7c96699fa249c9664e257e820daf6ecac815cd1028cebc9d105094adc39d047d1efd79214394b8b2d515574c0787
  languageName: node
  linkType: hard

"@types/react@npm:*, @types/react@npm:^18":
  version: 18.0.12
  resolution: "@types/react@npm:18.0.12"
  dependencies:
    "@types/prop-types": "*"
    "@types/scheduler": "*"
    csstype: ^3.0.2
  checksum: 526ea13b3adf7fe4b475e55b7426510a7861ef2910664a9014ef42cba0c699d5167dc378eb161e2ec26c07a3b6fde9b6bdcbbb6f4b5580612246bc289395ef03
  languageName: node
  linkType: hard

"@types/scheduler@npm:*":
  version: 0.16.2
  resolution: "@types/scheduler@npm:0.16.2"
  checksum: b6b4dcfeae6deba2e06a70941860fb1435730576d3689225a421280b7742318d1548b3d22c1f66ab68e414f346a9542f29240bc955b6332c5b11e561077583bc
  languageName: node
  linkType: hard

"caniuse-lite@npm:^1.0.30001332":
  version: 1.0.30001352
  resolution: "caniuse-lite@npm:1.0.30001352"
  checksum: 575ad031349e56224471859decd100d0f90c804325bf1b543789b212d6126f6e18925766b325b1d96f75e48df0036e68f92af26d1fb175803fd6ad935bc807ac
  languageName: node
  linkType: hard

"csstype@npm:^3.0.2":
  version: 3.1.0
  resolution: "csstype@npm:3.1.0"
  checksum: 644e986cefab86525f0b674a06889cfdbb1f117e5b7d1ce0fc55b0423ecc58807a1ea42ecc75c4f18999d14fc42d1d255f84662a45003a52bb5840e977eb2ffd
  languageName: node
  linkType: hard

"eslint-plugin-react-hooks@npm:^4.6.0":
  version: 4.6.0
  resolution: "eslint-plugin-react-hooks@npm:4.6.0"
  peerDependencies:
    eslint: ^3.0.0 || ^4.0.0 || ^5.0.0 || ^6.0.0 || ^7.0.0 || ^8.0.0-0
  checksum: 23001801f14c1d16bf0a837ca7970d9dd94e7b560384b41db378b49b6e32dc43d6e2790de1bd737a652a86f81a08d6a91f402525061b47719328f586a57e86c3
  languageName: node
  linkType: hard

"git-talk-client@workspace:.":
  version: 0.0.0-use.local
  resolution: "git-talk-client@workspace:."
  dependencies:
    "@types/node": ^17.0.42
    "@types/react": ^18
    "@types/react-dom": ^18
    eslint-plugin-react-hooks: ^4.6.0
    husky: ^8.0.1
    next: ^12.1.6
    react: ^18.1.0
    react-dom: ^18.1.0
    typescript: ^4.7.3
  languageName: unknown
  linkType: soft

"husky@npm:^8.0.1":
  version: 8.0.1
  resolution: "husky@npm:8.0.1"
  bin:
    husky: lib/bin.js
  checksum: 943a73a13d0201318fd30e83d299bb81d866bd245b69e6277804c3b462638dc1921694cb94c2b8c920a4a187060f7d6058d3365152865406352e934c5fff70dc
  languageName: node
  linkType: hard

"js-tokens@npm:^3.0.0 || ^4.0.0":
  version: 4.0.0
  resolution: "js-tokens@npm:4.0.0"
  checksum: 8a95213a5a77deb6cbe94d86340e8d9ace2b93bc367790b260101d2f36a2eaf4e4e22d9fa9cf459b38af3a32fb4190e638024cf82ec95ef708680e405ea7cc78
  languageName: node
  linkType: hard

"loose-envify@npm:^1.1.0":
  version: 1.4.0
  resolution: "loose-envify@npm:1.4.0"
  dependencies:
    js-tokens: ^3.0.0 || ^4.0.0
  bin:
    loose-envify: cli.js
  checksum: 6517e24e0cad87ec9888f500c5b5947032cdfe6ef65e1c1936a0c48a524b81e65542c9c3edc91c97d5bddc806ee2a985dbc79be89215d613b1de5db6d1cfe6f4
  languageName: node
  linkType: hard

"nanoid@npm:^3.1.30":
  version: 3.3.4
  resolution: "nanoid@npm:3.3.4"
  bin:
    nanoid: bin/nanoid.cjs
  checksum: 2fddd6dee994b7676f008d3ffa4ab16035a754f4bb586c61df5a22cf8c8c94017aadd360368f47d653829e0569a92b129979152ff97af23a558331e47e37cd9c
  languageName: node
  linkType: hard

"next@npm:^12.1.6":
  version: 12.1.6
  resolution: "next@npm:12.1.6"
  dependencies:
    "@next/env": 12.1.6
    "@next/swc-android-arm-eabi": 12.1.6
    "@next/swc-android-arm64": 12.1.6
    "@next/swc-darwin-arm64": 12.1.6
    "@next/swc-darwin-x64": 12.1.6
    "@next/swc-linux-arm-gnueabihf": 12.1.6
    "@next/swc-linux-arm64-gnu": 12.1.6
    "@next/swc-linux-arm64-musl": 12.1.6
    "@next/swc-linux-x64-gnu": 12.1.6
    "@next/swc-linux-x64-musl": 12.1.6
    "@next/swc-win32-arm64-msvc": 12.1.6
    "@next/swc-win32-ia32-msvc": 12.1.6
    "@next/swc-win32-x64-msvc": 12.1.6
    caniuse-lite: ^1.0.30001332
    postcss: 8.4.5
    styled-jsx: 5.0.2
  peerDependencies:
    fibers: ">= 3.1.0"
    node-sass: ^6.0.0 || ^7.0.0
    react: ^17.0.2 || ^18.0.0-0
    react-dom: ^17.0.2 || ^18.0.0-0
    sass: ^1.3.0
  dependenciesMeta:
    "@next/swc-android-arm-eabi":
      optional: true
    "@next/swc-android-arm64":
      optional: true
    "@next/swc-darwin-arm64":
      optional: true
    "@next/swc-darwin-x64":
      optional: true
    "@next/swc-linux-arm-gnueabihf":
      optional: true
    "@next/swc-linux-arm64-gnu":
      optional: true
    "@next/swc-linux-arm64-musl":
      optional: true
    "@next/swc-linux-x64-gnu":
      optional: true
    "@next/swc-linux-x64-musl":
      optional: true
    "@next/swc-win32-arm64-msvc":
      optional: true
    "@next/swc-win32-ia32-msvc":
      optional: true
    "@next/swc-win32-x64-msvc":
      optional: true
  peerDependenciesMeta:
    fibers:
      optional: true
    node-sass:
      optional: true
    sass:
      optional: true
  bin:
    next: dist/bin/next
  checksum: 670d544fd47670c29681d10824e6da625e9d4a048e564c8d9cb80d37f33c9ff9b5ca0a53e6d84d8d618b1fe7c9bb4e6b45040cb7e57a5c46b232a8f914425dc1
  languageName: node
  linkType: hard

"picocolors@npm:^1.0.0":
  version: 1.0.0
  resolution: "picocolors@npm:1.0.0"
  checksum: a2e8092dd86c8396bdba9f2b5481032848525b3dc295ce9b57896f931e63fc16f79805144321f72976383fc249584672a75cc18d6777c6b757603f372f745981
  languageName: node
  linkType: hard

"postcss@npm:8.4.5":
  version: 8.4.5
  resolution: "postcss@npm:8.4.5"
  dependencies:
    nanoid: ^3.1.30
    picocolors: ^1.0.0
    source-map-js: ^1.0.1
  checksum: b78abdd89c10f7b48f4bdcd376104a19d6e9c7495ab521729bdb3df315af6c211360e9f06887ad3bc0ab0f61a04b91d68ea11462997c79cced58b9ccd66fac07
  languageName: node
  linkType: hard

"react-dom@npm:^18.1.0":
  version: 18.1.0
  resolution: "react-dom@npm:18.1.0"
  dependencies:
    loose-envify: ^1.1.0
    scheduler: ^0.22.0
  peerDependencies:
    react: ^18.1.0
  checksum: bb0d48eeb0b297c79c2a03978baa29f5b3ff7ba3d070b21e34c9af1a6e7fdf0ca8b8d73e41f9214d91ad40eeb6d1f3559f884cbbc338713374a51320637c23df
  languageName: node
  linkType: hard

"react@npm:^18.1.0":
  version: 18.1.0
  resolution: "react@npm:18.1.0"
  dependencies:
    loose-envify: ^1.1.0
  checksum: 5bb296b561b43ef2220395da4faac86c14a087c8c80e1a7598a5740f01ee605c11eaf249985c1e2000971c4cd32ccb46d40f00479bbd9fb6b1c7cf857393b7d4
  languageName: node
  linkType: hard

"scheduler@npm:^0.22.0":
  version: 0.22.0
  resolution: "scheduler@npm:0.22.0"
  dependencies:
    loose-envify: ^1.1.0
  checksum: a8ef5cab769c020cd6382ad9ecc3f72dbde56a50a36639b3a42ad9c11f7724f03700bcad373044059b8067d4a6365154dc7c0ca8027ef20ff4900cf58a0fc2c5
  languageName: node
  linkType: hard

"source-map-js@npm:^1.0.1":
  version: 1.0.2
  resolution: "source-map-js@npm:1.0.2"
  checksum: c049a7fc4deb9a7e9b481ae3d424cc793cb4845daa690bc5a05d428bf41bf231ced49b4cf0c9e77f9d42fdb3d20d6187619fc586605f5eabe995a316da8d377c
  languageName: node
  linkType: hard

"styled-jsx@npm:5.0.2":
  version: 5.0.2
  resolution: "styled-jsx@npm:5.0.2"
  peerDependencies:
    react: ">= 16.8.0 || 17.x.x || ^18.0.0-0"
  peerDependenciesMeta:
    "@babel/core":
      optional: true
    babel-plugin-macros:
      optional: true
  checksum: 86d55819ebeabd283a574d2f44f7d3f8fa6b8c28fa41687ece161bf1e910e04965611618921d8f5cd33dc6dae1033b926a70421ae5ea045440a9861edc3e0d87
  languageName: node
  linkType: hard

"typescript@npm:^4.7.3":
  version: 4.7.3
  resolution: "typescript@npm:4.7.3"
  bin:
    tsc: bin/tsc
    tsserver: bin/tsserver
  checksum: fd13a1ce53790a36bb8350e1f5e5e384b5f6cb9b0635114a6d01d49cb99916abdcfbc13c7521cdae2f2d3f6d8bc4a8ae7625edf645a04ee940588cd5e7597b2f
  languageName: node
  linkType: hard

"typescript@patch:typescript@^4.7.3#~builtin<compat/typescript>":
  version: 4.7.3
  resolution: "typescript@patch:typescript@npm%3A4.7.3#~builtin<compat/typescript>::version=4.7.3&hash=7ad353"
  bin:
    tsc: bin/tsc
    tsserver: bin/tsserver
  checksum: 137d18a77f52254a284960b16ab53d0619f57b69b5d585804b8413f798a1175ce3e774fb95e6a101868577aafe357d8fcfc9171f0dc9fc0c210e9ae59d107cc0
  languageName: node
  linkType: hard
